
Microsoft Visual Studio Solution File, Format Version 12.00
Project("{FAE04EC0-301F-11D3-BF4B-00C04F79EFBC}") = "src", "src\src.csproj", "{14726273-15F8-4130-9715-748FE35706B0}"
EndProject
Project("{FAE04EC0-301F-11D3-BF4B-00C04F79EFBC}") = "test", "test\test.csproj", "{A4282E97-D056-4446-8BB1-E052588E3CDD}"
EndProject
Global
	GlobalSection(SolutionConfigurationPlatforms) = preSolution
		Debug|Any CPU = Debug|Any CPU
		Release|Any CPU = Release|Any CPU
	EndGlobalSection
	GlobalSection(ProjectConfigurationPlatforms) = postSolution
		{14726273-15F8-4130-9715-748FE35706B0}.Debug|Any CPU.ActiveCfg = Debug|Any CPU
		{14726273-15F8-4130-9715-748FE35706B0}.Debug|Any CPU.Build.0 = Debug|Any CPU
		{14726273-15F8-4130-9715-748FE35706B0}.Release|Any CPU.ActiveCfg = Release|Any CPU
		{14726273-15F8-4130-9715-748FE35706B0}.Release|Any CPU.Build.0 = Release|Any CPU
		{A4282E97-D056-4446-8BB1-E052588E3CDD}.Debug|Any CPU.ActiveCfg = Debug|Any CPU
		{A4282E97-D056-4446-8BB1-E052588E3CDD}.Debug|Any CPU.Build.0 = Debug|Any CPU
		{A4282E97-D056-4446-8BB1-E052588E3CDD}.Release|Any CPU.ActiveCfg = Release|Any CPU
		{A4282E97-D056-4446-8BB1-E052588E3CDD}.Release|Any CPU.Build.0 = Release|Any CPU
	EndGlobalSection
EndGlobal
